// !$*UTF8*$!
{
	archiveVersion = 1;
	classes = {
	};
	objectVersion = 55;
	objects = {

/* Begin PBXBuildFile section */
		38524A4528CA3C8900010974 /* 1.png in Resources */ = {isa = PBXBuildFile; fileRef = 38524A4428CA3C8900010974 /* 1.png */; };
		38524A4728CA3C8E00010974 /* 2.png in Resources */ = {isa = PBXBuildFile; fileRef = 38524A4628CA3C8E00010974 /* 2.png */; };
		38524A4928CA423F00010974 /* 3.png in Resources */ = {isa = PBXBuildFile; fileRef = 38524A4828CA423F00010974 /* 3.png */; };
		385F3FBE28C2861000481084 /* song1.mp3 in Resources */ = {isa = PBXBuildFile; fileRef = 385F3FBD28C2861000481084 /* song1.mp3 */; };
		385F3FC028C2BCF300481084 /* song2.mp3 in Resources */ = {isa = PBXBuildFile; fileRef = 385F3FBF28C2BCF300481084 /* song2.mp3 */; };
		385F3FC228C365C400481084 /* Model.swift in Sources */ = {isa = PBXBuildFile; fileRef = 385F3FC128C365C400481084 /* Model.swift */; };
		385F3FC628C4BB2600481084 /* CustomCell.swift in Sources */ = {isa = PBXBuildFile; fileRef = 385F3FC528C4BB2600481084 /* CustomCell.swift */; };
		385F3FC828C4BCC000481084 /* CollectionView+ViewController.swift in Sources */ = {isa = PBXBuildFile; fileRef = 385F3FC728C4BCC000481084 /* CollectionView+ViewController.swift */; };
		385F3FCA28C4C20900481084 /* song3.mp3 in Resources */ = {isa = PBXBuildFile; fileRef = 385F3FC928C4C20900481084 /* song3.mp3 */; };
		385F3FCD28C5E4F100481084 /* UIButton + ViewController.swift in Sources */ = {isa = PBXBuildFile; fileRef = 385F3FCC28C5E4F100481084 /* UIButton + ViewController.swift */; };
		385F3FEA28C7356A00481084 /* Montserrat-SemiBold.ttf in Resources */ = {isa = PBXBuildFile; fileRef = 385F3FD828C7356A00481084 /* Montserrat-SemiBold.ttf */; };
		385F3FF728C7356A00481084 /* Montserrat-Regular.ttf in Resources */ = {isa = PBXBuildFile; fileRef = 385F3FE528C7356A00481084 /* Montserrat-Regular.ttf */; };
		385F3FFC28C74B9F00481084 /* GradientView.swift in Sources */ = {isa = PBXBuildFile; fileRef = 385F3FFB28C74B9E00481084 /* GradientView.swift */; };
		38FA4E9228B4DDD8009AFA87 /* AppDelegate.swift in Sources */ = {isa = PBXBuildFile; fileRef = 38FA4E9128B4DDD8009AFA87 /* AppDelegate.swift */; };
		38FA4E9428B4DDD8009AFA87 /* SceneDelegate.swift in Sources */ = {isa = PBXBuildFile; fileRef = 38FA4E9328B4DDD8009AFA87 /* SceneDelegate.swift */; };
		38FA4E9628B4DDD8009AFA87 /* ViewController.swift in Sources */ = {isa = PBXBuildFile; fileRef = 38FA4E9528B4DDD8009AFA87 /* ViewController.swift */; };
		38FA4E9928B4DDD8009AFA87 /* Main.storyboard in Resources */ = {isa = PBXBuildFile; fileRef = 38FA4E9728B4DDD8009AFA87 /* Main.storyboard */; };
		38FA4E9B28B4DDDA009AFA87 /* Assets.xcassets in Resources */ = {isa = PBXBuildFile; fileRef = 38FA4E9A28B4DDDA009AFA87 /* Assets.xcassets */; };
		38FA4E9E28B4DDDA009AFA87 /* LaunchScreen.storyboard in Resources */ = {isa = PBXBuildFile; fileRef = 38FA4E9C28B4DDDA009AFA87 /* LaunchScreen.storyboard */; };
		6A49F08FC4C53F9A018C766F /* Pods_TechTask.framework in Frameworks */ = {isa = PBXBuildFile; fileRef = 8ED65F34A48B74789897C232 /* Pods_TechTask.framework */; };
/* End PBXBuildFile section */

/* Begin PBXFileReference section */
		1CDCB830A67962D882107902 /* Pods-TechTask.release.xcconfig */ = {isa = PBXFileReference; includeInIndex = 1; lastKnownFileType = text.xcconfig; name = "Pods-TechTask.release.xcconfig"; path = "Target Support Files/Pods-TechTask/Pods-TechTask.release.xcconfig"; sourceTree = "<group>"; };
		38524A4428CA3C8900010974 /* 1.png */ = {isa = PBXFileReference; lastKnownFileType = image.png; path = 1.png; sourceTree = "<group>"; };
		38524A4628CA3C8E00010974 /* 2.png */ = {isa = PBXFileReference; lastKnownFileType = image.png; path = 2.png; sourceTree = "<group>"; };
		38524A4828CA423F00010974 /* 3.png */ = {isa = PBXFileReference; lastKnownFileType = image.png; path = 3.png; sourceTree = "<group>"; };
		385F3FBD28C2861000481084 /* song1.mp3 */ = {isa = PBXFileReference; lastKnownFileType = audio.mp3; path = song1.mp3; sourceTree = "<group>"; };
		385F3FBF28C2BCF300481084 /* song2.mp3 */ = {isa = PBXFileReference; lastKnownFileType = audio.mp3; path = song2.mp3; sourceTree = "<group>"; };
		385F3FC128C365C400481084 /* Model.swift */ = {isa = PBXFileReference; lastKnownFileType = sourcecode.swift; path = Model.swift; sourceTree = "<group>"; };
		385F3FC528C4BB2600481084 /* CustomCell.swift */ = {isa = PBXFileReference; lastKnownFileType = sourcecode.swift; path = CustomCell.swift; sourceTree = "<group>"; };
		385F3FC728C4BCC000481084 /* CollectionView+ViewController.swift */ = {isa = PBXFileReference; lastKnownFileType = sourcecode.swift; path = "CollectionView+ViewController.swift"; sourceTree = "<group>"; };
		385F3FC928C4C20900481084 /* song3.mp3 */ = {isa = PBXFileReference; lastKnownFileType = audio.mp3; path = song3.mp3; sourceTree = "<group>"; };
		385F3FCC28C5E4F100481084 /* UIButton + ViewController.swift */ = {isa = PBXFileReference; lastKnownFileType = sourcecode.swift; path = "UIButton + ViewController.swift"; sourceTree = "<group>"; };
		385F3FD828C7356A00481084 /* Montserrat-SemiBold.ttf */ = {isa = PBXFileReference; lastKnownFileType = file; path = "Montserrat-SemiBold.ttf"; sourceTree = "<group>"; };
		385F3FE528C7356A00481084 /* Montserrat-Regular.ttf */ = {isa = PBXFileReference; lastKnownFileType = file; path = "Montserrat-Regular.ttf"; sourceTree = "<group>"; };
		385F3FFB28C74B9E00481084 /* GradientView.swift */ = {isa = PBXFileReference; lastKnownFileType = sourcecode.swift; path = GradientView.swift; sourceTree = "<group>"; };
		38FA4E8E28B4DDD8009AFA87 /* TechTask.app */ = {isa = PBXFileReference; explicitFileType = wrapper.application; includeInIndex = 0; path = TechTask.app; sourceTree = BUILT_PRODUCTS_DIR; };
		38FA4E9128B4DDD8009AFA87 /* AppDelegate.swift */ = {isa = PBXFileReference; lastKnownFileType = sourcecode.swift; path = AppDelegate.swift; sourceTree = "<group>"; };
		38FA4E9328B4DDD8009AFA87 /* SceneDelegate.swift */ = {isa = PBXFileReference; lastKnownFileType = sourcecode.swift; path = SceneDelegate.swift; sourceTree = "<group>"; };
		38FA4E9528B4DDD8009AFA87 /* ViewController.swift */ = {isa = PBXFileReference; lastKnownFileType = sourcecode.swift; path = ViewController.swift; sourceTree = "<group>"; };
		38FA4E9828B4DDD8009AFA87 /* Base */ = {isa = PBXFileReference; lastKnownFileType = file.storyboard; name = Base; path = Base.lproj/Main.storyboard; sourceTree = "<group>"; };
		38FA4E9A28B4DDDA009AFA87 /* Assets.xcassets */ = {isa = PBXFileReference; lastKnownFileType = folder.assetcatalog; path = Assets.xcassets; sourceTree = "<group>"; };
		38FA4E9D28B4DDDA009AFA87 /* Base */ = {isa = PBXFileReference; lastKnownFileType = file.storyboard; name = Base; path = Base.lproj/LaunchScreen.storyboard; sourceTree = "<group>"; };
		38FA4E9F28B4DDDA009AFA87 /* Info.plist */ = {isa = PBXFileReference; lastKnownFileType = text.plist.xml; path = Info.plist; sourceTree = "<group>"; };
		8ED65F34A48B74789897C232 /* Pods_TechTask.framework */ = {isa = PBXFileReference; explicitFileType = wrapper.framework; includeInIndex = 0; path = Pods_TechTask.framework; sourceTree = BUILT_PRODUCTS_DIR; };
		97970B785E13822E89729614 /* Pods-TechTask.debug.xcconfig */ = {isa = PBXFileReference; includeInIndex = 1; lastKnownFileType = text.xcconfig; name = "Pods-TechTask.debug.xcconfig"; path = "Target Support Files/Pods-TechTask/Pods-TechTask.debug.xcconfig"; sourceTree = "<group>"; };
/* End PBXFileReference section */

/* Begin PBXFrameworksBuildPhase section */
		38FA4E8B28B4DDD8009AFA87 /* Frameworks */ = {
			isa = PBXFrameworksBuildPhase;
			buildActionMask = 2147483647;
			files = (
				6A49F08FC4C53F9A018C766F /* Pods_TechTask.framework in Frameworks */,
			);
			runOnlyForDeploymentPostprocessing = 0;
		};
/* End PBXFrameworksBuildPhase section */

/* Begin PBXGroup section */
		38524A4328CA3C7000010974 /* Screens */ = {
			isa = PBXGroup;
			children = (
				38524A4428CA3C8900010974 /* 1.png */,
				38524A4628CA3C8E00010974 /* 2.png */,
				38524A4828CA423F00010974 /* 3.png */,
			);
			path = Screens;
			sourceTree = "<group>";
		};
		385F3FCB28C4D18400481084 /* Songs */ = {
			isa = PBXGroup;
			children = (
				385F3FBD28C2861000481084 /* song1.mp3 */,
				385F3FBF28C2BCF300481084 /* song2.mp3 */,
				385F3FC928C4C20900481084 /* song3.mp3 */,
			);
			path = Songs;
			sourceTree = "<group>";
		};
		385F3FD628C7355100481084 /* Fonts */ = {
			isa = PBXGroup;
			children = (
				385F3FE528C7356A00481084 /* Montserrat-Regular.ttf */,
				385F3FD828C7356A00481084 /* Montserrat-SemiBold.ttf */,
			);
			path = Fonts;
			sourceTree = "<group>";
		};
		38FA4E8528B4DDD8009AFA87 = {
			isa = PBXGroup;
			children = (
				38FA4E9028B4DDD8009AFA87 /* TechTask */,
				38FA4E8F28B4DDD8009AFA87 /* Products */,
				67FCB60F599399CB28CE07EF /* Pods */,
				8E7C6BB16764341BF1FA6CF8 /* Frameworks */,
			);
			sourceTree = "<group>";
		};
		38FA4E8F28B4DDD8009AFA87 /* Products */ = {
			isa = PBXGroup;
			children = (
				38FA4E8E28B4DDD8009AFA87 /* TechTask.app */,
			);
			name = Products;
			sourceTree = "<group>";
		};
		38FA4E9028B4DDD8009AFA87 /* TechTask */ = {
			isa = PBXGroup;
			children = (
				38FA4E9128B4DDD8009AFA87 /* AppDelegate.swift */,
				38FA4E9328B4DDD8009AFA87 /* SceneDelegate.swift */,
				385F3FC128C365C400481084 /* Model.swift */,
				38FA4E9528B4DDD8009AFA87 /* ViewController.swift */,
				385F3FC528C4BB2600481084 /* CustomCell.swift */,
				385F3FC728C4BCC000481084 /* CollectionView+ViewController.swift */,
				385F3FCC28C5E4F100481084 /* UIButton + ViewController.swift */,
				385F3FFB28C74B9E00481084 /* GradientView.swift */,
				38FA4E9728B4DDD8009AFA87 /* Main.storyboard */,
				38FA4E9A28B4DDDA009AFA87 /* Assets.xcassets */,
				38FA4E9C28B4DDDA009AFA87 /* LaunchScreen.storyboard */,
				38FA4E9F28B4DDDA009AFA87 /* Info.plist */,
				38524A4328CA3C7000010974 /* Screens */,
				385F3FD628C7355100481084 /* Fonts */,
				385F3FCB28C4D18400481084 /* Songs */,
			);
			path = TechTask;
			sourceTree = "<group>";
		};
		67FCB60F599399CB28CE07EF /* Pods */ = {
			isa = PBXGroup;
			children = (
				97970B785E13822E89729614 /* Pods-TechTask.debug.xcconfig */,
				1CDCB830A67962D882107902 /* Pods-TechTask.release.xcconfig */,
			);
			name = Pods;
			path = Pods;
			sourceTree = "<group>";
		};
		8E7C6BB16764341BF1FA6CF8 /* Frameworks */ = {
			isa = PBXGroup;
			children = (
				8ED65F34A48B74789897C232 /* Pods_TechTask.framework */,
			);
			name = Frameworks;
			sourceTree = "<group>";
		};
/* End PBXGroup section */

/* Begin PBXNativeTarget section */
		38FA4E8D28B4DDD8009AFA87 /* TechTask */ = {
			isa = PBXNativeTarget;
			buildConfigurationList = 38FA4EA228B4DDDA009AFA87 /* Build configuration list for PBXNativeTarget "TechTask" */;
			buildPhases = (
				7B148C32D3005D19472879ED /* [CP] Check Pods Manifest.lock */,
				38FA4E8A28B4DDD8009AFA87 /* Sources */,
				38FA4E8B28B4DDD8009AFA87 /* Frameworks */,
				38FA4E8C28B4DDD8009AFA87 /* Resources */,
				F786BF4445FC6055139801B6 /* [CP] Embed Pods Frameworks */,
			);
			buildRules = (
			);
			dependencies = (
			);
			name = TechTask;
			productName = TechTask;
			productReference = 38FA4E8E28B4DDD8009AFA87 /* TechTask.app */;
			productType = "com.apple.product-type.application";
		};
/* End PBXNativeTarget section */

/* Begin PBXProject section */
		38FA4E8628B4DDD8009AFA87 /* Project object */ = {
			isa = PBXProject;
			attributes = {
				BuildIndependentTargetsInParallel = 1;
				LastSwiftUpdateCheck = 1340;
				LastUpgradeCheck = 1340;
				TargetAttributes = {
					38FA4E8D28B4DDD8009AFA87 = {
						CreatedOnToolsVersion = 13.4.1;
					};
				};
			};
			buildConfigurationList = 38FA4E8928B4DDD8009AFA87 /* Build configuration list for PBXProject "TechTask" */;
			compatibilityVersion = "Xcode 13.0";
			developmentRegion = en;
			hasScannedForEncodings = 0;
			knownRegions = (
				en,
				Base,
			);
			mainGroup = 38FA4E8528B4DDD8009AFA87;
			productRefGroup = 38FA4E8F28B4DDD8009AFA87 /* Products */;
			projectDirPath = "";
			projectRoot = "";
			targets = (
				38FA4E8D28B4DDD8009AFA87 /* TechTask */,
			);
		};
/* End PBXProject section */

/* Begin PBXResourcesBuildPhase section */
		38FA4E8C28B4DDD8009AFA87 /* Resources */ = {
			isa = PBXResourcesBuildPhase;
			buildActionMask = 2147483647;
			files = (
				385F3FCA28C4C20900481084 /* song3.mp3 in Resources */,
				38524A4528CA3C8900010974 /* 1.png in Resources */,
				38FA4E9E28B4DDDA009AFA87 /* LaunchScreen.storyboard in Resources */,
				38FA4E9B28B4DDDA009AFA87 /* Assets.xcassets in Resources */,
				38524A4728CA3C8E00010974 /* 2.png in Resources */,
				38524A4928CA423F00010974 /* 3.png in Resources */,
				385F3FBE28C2861000481084 /* song1.mp3 in Resources */,
				385F3FF728C7356A00481084 /* Montserrat-Regular.ttf in Resources */,
				385F3FC028C2BCF300481084 /* song2.mp3 in Resources */,
				385F3FEA28C7356A00481084 /* Montserrat-SemiBold.ttf in Resources */,
				38FA4E9928B4DDD8009AFA87 /* Main.storyboard in Resources */,
			);
			runOnlyForDeploymentPostprocessing = 0;
		};
/* End PBXResourcesBuildPhase section */

/* Begin PBXShellScriptBuildPhase section */
		7B148C32D3005D19472879ED /* [CP] Check Pods Manifest.lock */ = {
			isa = PBXShellScriptBuildPhase;
			buildActionMask = 2147483647;
			files = (
			);
			inputFileListPaths = (
			);
			inputPaths = (
				"${PODS_PODFILE_DIR_PATH}/Podfile.lock",
				"${PODS_ROOT}/Manifest.lock",
			);
			name = "[CP] Check Pods Manifest.lock";
			outputFileListPaths = (
			);
			outputPaths = (
				"$(DERIVED_FILE_DIR)/Pods-TechTask-checkManifestLockResult.txt",
			);
			runOnlyForDeploymentPostprocessing = 0;
			shellPath = /bin/sh;
			shellScript = "diff \"${PODS_PODFILE_DIR_PATH}/Podfile.lock\" \"${PODS_ROOT}/Manifest.lock\" > /dev/null\nif [ $? != 0 ] ; then\n    # print error to STDERR\n    echo \"error: The sandbox is not in sync with the Podfile.lock. Run 'pod install' or update your CocoaPods installation.\" >&2\n    exit 1\nfi\n# This output is used by Xcode 'outputs' to avoid re-running this script phase.\necho \"SUCCESS\" > \"${SCRIPT_OUTPUT_FILE_0}\"\n";
			showEnvVarsInLog = 0;
		};
		F786BF4445FC6055139801B6 /* [CP] Embed Pods Frameworks */ = {
			isa = PBXShellScriptBuildPhase;
			buildActionMask = 2147483647;
			files = (
			);
			inputFileListPaths = (
				"${PODS_ROOT}/Target Support Files/Pods-TechTask/Pods-TechTask-frameworks-${CONFIGURATION}-input-files.xcfilelist",
			);
			name = "[CP] Embed Pods Frameworks";
			outputFileListPaths = (
				"${PODS_ROOT}/Target Support Files/Pods-TechTask/Pods-TechTask-frameworks-${CONFIGURATION}-output-files.xcfilelist",
			);
			runOnlyForDeploymentPostprocessing = 0;
			shellPath = /bin/sh;
			shellScript = "\"${PODS_ROOT}/Target Support Files/Pods-TechTask/Pods-TechTask-frameworks.sh\"\n";
			showEnvVarsInLog = 0;
		};
/* End PBXShellScriptBuildPhase section */

/* Begin PBXSourcesBuildPhase section */
		38FA4E8A28B4DDD8009AFA87 /* Sources */ = {
			isa = PBXSourcesBuildPhase;
			buildActionMask = 2147483647;
			files = (
				38FA4E9628B4DDD8009AFA87 /* ViewController.swift in Sources */,
				38FA4E9228B4DDD8009AFA87 /* AppDelegate.swift in Sources */,
				38FA4E9428B4DDD8009AFA87 /* SceneDelegate.swift in Sources */,
				385F3FFC28C74B9F00481084 /* GradientView.swift in Sources */,
				385F3FC628C4BB2600481084 /* CustomCell.swift in Sources */,
				385F3FC828C4BCC000481084 /* CollectionView+ViewController.swift in Sources */,
				385F3FC228C365C400481084 /* Model.swift in Sources */,
				385F3FCD28C5E4F100481084 /* UIButton + ViewController.swift in Sources */,
			);
			runOnlyForDeploymentPostprocessing = 0;
		};
/* End PBXSourcesBuildPhase section */

/* Begin PBXVariantGroup section */
		38FA4E9728B4DDD8009AFA87 /* Main.storyboard */ = {
			isa = PBXVariantGroup;
			children = (
				38FA4E9828B4DDD8009AFA87 /* Base */,
			);
			name = Main.storyboard;
			sourceTree = "<group>";
		};
		38FA4E9C28B4DDDA009AFA87 /* LaunchScreen.storyboard */ = {
			isa = PBXVariantGroup;
			children = (
				38FA4E9D28B4DDDA009AFA87 /* Base */,
			);
			name = LaunchScreen.storyboard;
			sourceTree = "<group>";
		};
/* End PBXVariantGroup section */

/* Begin XCBuildConfiguration section */
		38FA4EA028B4DDDA009AFA87 /* Debug */ = {
			isa = XCBuildConfiguration;
			buildSettings = {
				ALWAYS_SEARCH_USER_PATHS = NO;
				CLANG_ANALYZER_NONNULL = YES;
				CLANG_ANALYZER_NUMBER_OBJECT_CONVERSION = YES_AGGRESSIVE;
				CLANG_CXX_LANGUAGE_STANDARD = "gnu++17";
				CLANG_ENABLE_MODULES = YES;
				CLANG_ENABLE_OBJC_ARC = YES;
				CLANG_ENABLE_OBJC_WEAK = YES;
				CLANG_WARN_BLOCK_CAPTURE_AUTORELEASING = YES;
				CLANG_WARN_BOOL_CONVERSION = YES;
				CLANG_WARN_COMMA = YES;
				CLANG_WARN_CONSTANT_CONVERSION = YES;
				CLANG_WARN_DEPRECATED_OBJC_IMPLEMENTATIONS = YES;
				CLANG_WARN_DIRECT_OBJC_ISA_USAGE = YES_ERROR;
				CLANG_WARN_DOCUMENTATION_COMMENTS = YES;
				CLANG_WARN_EMPTY_BODY = YES;
				CLANG_WARN_ENUM_CONVERSION = YES;
				CLANG_WARN_INFINITE_RECURSION = YES;
				CLANG_WARN_INT_CONVERSION = YES;
				CLANG_WARN_NON_LITERAL_NULL_CONVERSION = YES;
				CLANG_WARN_OBJC_IMPLICIT_RETAIN_SELF = YES;
				CLANG_WARN_OBJC_LITERAL_CONVERSION = YES;
				CLANG_WARN_OBJC_ROOT_CLASS = YES_ERROR;
				CLANG_WARN_QUOTED_INCLUDE_IN_FRAMEWORK_HEADER = YES;
				CLANG_WARN_RANGE_LOOP_ANALYSIS = YES;
				CLANG_WARN_STRICT_PROTOTYPES = YES;
				CLANG_WARN_SUSPICIOUS_MOVE = YES;
				CLANG_WARN_UNGUARDED_AVAILABILITY = YES_AGGRESSIVE;
				CLANG_WARN_UNREACHABLE_CODE = YES;
				CLANG_WARN__DUPLICATE_METHOD_MATCH = YES;
				COPY_PHASE_STRIP = NO;
				DEBUG_INFORMATION_FORMAT = dwarf;
				ENABLE_STRICT_OBJC_MSGSEND = YES;
				ENABLE_TESTABILITY = YES;
				GCC_C_LANGUAGE_STANDARD = gnu11;
				GCC_DYNAMIC_NO_PIC = NO;
				GCC_NO_COMMON_BLOCKS = YES;
				GCC_OPTIMIZATION_LEVEL = 0;
				GCC_PREPROCESSOR_DEFINITIONS = (
					"DEBUG=1",
					"$(inherited)",
				);
				GCC_WARN_64_TO_32_BIT_CONVERSION = YES;
				GCC_WARN_ABOUT_RETURN_TYPE = YES_ERROR;
				GCC_WARN_UNDECLARED_SELECTOR = YES;
				GCC_WARN_UNINITIALIZED_AUTOS = YES_AGGRESSIVE;
				GCC_WARN_UNUSED_FUNCTION = YES;
				GCC_WARN_UNUSED_VARIABLE = YES;
				IPHONEOS_DEPLOYMENT_TARGET = 15.5;
				MTL_ENABLE_DEBUG_INFO = INCLUDE_SOURCE;
				MTL_FAST_MATH = YES;
				ONLY_ACTIVE_ARCH = YES;
				SDKROOT = iphoneos;
				SWIFT_ACTIVE_COMPILATION_CONDITIONS = DEBUG;
				SWIFT_OPTIMIZATION_LEVEL = "-Onone";
			};
			name = Debug;
		};
		38FA4EA128B4DDDA009AFA87 /* Release */ = {
			isa = XCBuildConfiguration;
			buildSettings = {
				ALWAYS_SEARCH_USER_PATHS = NO;
				CLANG_ANALYZER_NONNULL = YES;
				CLANG_ANALYZER_NUMBER_OBJECT_CONVERSION = YES_AGGRESSIVE;
				CLANG_CXX_LANGUAGE_STANDARD = "gnu++17";
				CLANG_ENABLE_MODULES = YES;
				CLANG_ENABLE_OBJC_ARC = YES;
				CLANG_ENABLE_OBJC_WEAK = YES;
				CLANG_WARN_BLOCK_CAPTURE_AUTORELEASING = YES;
				CLANG_WARN_BOOL_CONVERSION = YES;
				CLANG_WARN_COMMA = YES;
				CLANG_WARN_CONSTANT_CONVERSION = YES;
				CLANG_WARN_DEPRECATED_OBJC_IMPLEMENTATIONS = YES;
				CLANG_WARN_DIRECT_OBJC_ISA_USAGE = YES_ERROR;
				CLANG_WARN_DOCUMENTATION_COMMENTS = YES;
				CLANG_WARN_EMPTY_BODY = YES;
				CLANG_WARN_ENUM_CONVERSION = YES;
				CLANG_WARN_INFINITE_RECURSION = YES;
				CLANG_WARN_INT_CONVERSION = YES;
				CLANG_WARN_NON_LITERAL_NULL_CONVERSION = YES;
				CLANG_WARN_OBJC_IMPLICIT_RETAIN_SELF = YES;
				CLANG_WARN_OBJC_LITERAL_CONVERSION = YES;
				CLANG_WARN_OBJC_ROOT_CLASS = YES_ERROR;
				CLANG_WARN_QUOTED_INCLUDE_IN_FRAMEWORK_HEADER = YES;
				CLANG_WARN_RANGE_LOOP_ANALYSIS = YES;
				CLANG_WARN_STRICT_PROTOTYPES = YES;
				CLANG_WARN_SUSPICIOUS_MOVE = YES;
				CLANG_WARN_UNGUARDED_AVAILABILITY = YES_AGGRESSIVE;
				CLANG_WARN_UNREACHABLE_CODE = YES;
				CLANG_WARN__DUPLICATE_METHOD_MATCH = YES;
				COPY_PHASE_STRIP = NO;
				DEBUG_INFORMATION_FORMAT = "dwarf-with-dsym";
				ENABLE_NS_ASSERTIONS = NO;
				ENABLE_STRICT_OBJC_MSGSEND = YES;
				GCC_C_LANGUAGE_STANDARD = gnu11;
				GCC_NO_COMMON_BLOCKS = YES;
				GCC_WARN_64_TO_32_BIT_CONVERSION = YES;
				GCC_WARN_ABOUT_RETURN_TYPE = YES_ERROR;
				GCC_WARN_UNDECLARED_SELECTOR = YES;
				GCC_WARN_UNINITIALIZED_AUTOS = YES_AGGRESSIVE;
				GCC_WARN_UNUSED_FUNCTION = YES;
				GCC_WARN_UNUSED_VARIABLE = YES;
				IPHONEOS_DEPLOYMENT_TARGET = 15.5;
				MTL_ENABLE_DEBUG_INFO = NO;
				MTL_FAST_MATH = YES;
				SDKROOT = iphoneos;
				SWIFT_COMPILATION_MODE = wholemodule;
				SWIFT_OPTIMIZATION_LEVEL = "-O";
				VALIDATE_PRODUCT = YES;
			};
			name = Release;
		};
		38FA4EA328B4DDDA009AFA87 /* Debug */ = {
			isa = XCBuildConfiguration;
			baseConfigurationReference = 97970B785E13822E89729614 /* Pods-TechTask.debug.xcconfig */;
			buildSettings = {
				ASSETCATALOG_COMPILER_APPICON_NAME = AppIcon;
				ASSETCATALOG_COMPILER_GLOBAL_ACCENT_COLOR_NAME = AccentColor;
				CODE_SIGN_STYLE = Automatic;
				CURRENT_PROJECT_VERSION = 1;
				DEVELOPMENT_TEAM = JPN4ML425P;
				GENERATE_INFOPLIST_FILE = YES;
				INFOPLIST_FILE = TechTask/Info.plist;
				INFOPLIST_KEY_UIApplicationSupportsIndirectInputEvents = YES;
				INFOPLIST_KEY_UILaunchStoryboardName = LaunchScreen;
				INFOPLIST_KEY_UIMainStoryboardFile = Main;
				INFOPLIST_KEY_UISupportedInterfaceOrientations_iPad = "UIInterfaceOrientationPortrait UIInterfaceOrientationPortraitUpsideDown UIInterfaceOrientationLandscapeLeft UIInterfaceOrientationLandscapeRight";
				INFOPLIST_KEY_UISupportedInterfaceOrientations_iPhone = "UIInterfaceOrientationPortrait UIInterfaceOrientationLandscapeLeft UIInterfaceOrientationLandscapeRight";
				LD_RUNPATH_SEARCH_PATHS = (
					"$(inherited)",
					"@executable_path/Frameworks",
				);
				MARKETING_VERSION = 1.0;
				PRODUCT_BUNDLE_IDENTIFIER = Tomilo.A.TechTask;
				PRODUCT_NAME = "$(TARGET_NAME)";
				SWIFT_EMIT_LOC_STRINGS = YES;
				SWIFT_VERSION = 5.0;
				TARGETED_DEVICE_FAMILY = "1,2";
			};
			name = Debug;
		};
		38FA4EA428B4DDDA009AFA87 /* Release */ = {
			isa = XCBuildConfiguration;
			baseConfigurationReference = 1CDCB830A67962D882107902 /* Pods-TechTask.release.xcconfig */;
			buildSettings = {
				ASSETCATALOG_COMPILER_APPICON_NAME = AppIcon;
				ASSETCATALOG_COMPILER_GLOBAL_ACCENT_COLOR_NAME = AccentColor;
				CODE_SIGN_STYLE = Automatic;
				CURRENT_PROJECT_VERSION = 1;
				DEVELOPMENT_TEAM = JPN4ML425P;
				GENERATE_INFOPLIST_FILE = YES;
				INFOPLIST_FILE = TechTask/Info.plist;
				INFOPLIST_KEY_UIApplicationSupportsIndirectInputEvents = YES;
				INFOPLIST_KEY_UILaunchStoryboardName = LaunchScreen;
				INFOPLIST_KEY_UIMainStoryboardFile = Main;
				INFOPLIST_KEY_UISupportedInterfaceOrientations_iPad = "UIInterfaceOrientationPortrait UIInterfaceOrientationPortraitUpsideDown UIInterfaceOrientationLandscapeLeft UIInterfaceOrientationLandscapeRight";
				INFOPLIST_KEY_UISupportedInterfaceOrientations_iPhone = "UIInterfaceOrientationPortrait UIInterfaceOrientationLandscapeLeft UIInterfaceOrientationLandscapeRight";
				LD_RUNPATH_SEARCH_PATHS = (
					"$(inherited)",
					"@executable_path/Frameworks",
				);
				MARKETING_VERSION = 1.0;
				PRODUCT_BUNDLE_IDENTIFIER = Tomilo.A.TechTask;
				PRODUCT_NAME = "$(TARGET_NAME)";
				SWIFT_EMIT_LOC_STRINGS = YES;
				SWIFT_VERSION = 5.0;
				TARGETED_DEVICE_FAMILY = "1,2";
			};
			name = Release;
		};
/* End XCBuildConfiguration section */

/* Begin XCConfigurationList section */
		38FA4E8928B4DDD8009AFA87 /* Build configuration list for PBXProject "TechTask" */ = {
			isa = XCConfigurationList;
			buildConfigurations = (
				38FA4EA028B4DDDA009AFA87 /* Debug */,
				38FA4EA128B4DDDA009AFA87 /* Release */,
			);
			defaultConfigurationIsVisible = 0;
			defaultConfigurationName = Release;
		};
		38FA4EA228B4DDDA009AFA87 /* Build configuration list for PBXNativeTarget "TechTask" */ = {
			isa = XCConfigurationList;
			buildConfigurations = (
				38FA4EA328B4DDDA009AFA87 /* Debug */,
				38FA4EA428B4DDDA009AFA87 /* Release */,
			);
			defaultConfigurationIsVisible = 0;
			defaultConfigurationName = Release;
		};
/* End XCConfigurationList section */
	};
	rootObject = 38FA4E8628B4DDD8009AFA87 /* Project object */;
}
